Microsoft Visual Studio Solution File, Format Version 12.00
# Visual Studio Version 17
VisualStudioVersion = 17.5.2.0
MinimumVisualStudioVersion = 10.0.40219.1
Project("{FAE04EC0-301F-11D3-BF4B-00C04F79EFBC}") = "assignment4a", "assignment4a.csproj", "{B68362A3-B843-8811-690A-2D6B9BC7E9EB}"
EndProject
Global
	GlobalSection(SolutionConfigurationPlatforms) = preSolution
		Debug|Any CPU = Debug|Any CPU
		Release|Any CPU = Release|Any CPU
	EndGlobalSection
	GlobalSection(ProjectConfigurationPlatforms) = postSolution
		{B68362A3-B843-8811-690A-2D6B9BC7E9EB}.Debug|Any CPU.ActiveCfg = Debug|Any CPU
		{B68362A3-B843-8811-690A-2D6B9BC7E9EB}.Debug|Any CPU.Build.0 = Debug|Any CPU
		{B68362A3-B843-8811-690A-2D6B9BC7E9EB}.Release|Any CPU.ActiveCfg = Release|Any CPU
		{B68362A3-B843-8811-690A-2D6B9BC7E9EB}.Release|Any CPU.Build.0 = Release|Any CPU
	EndGlobalSection
	GlobalSection(SolutionProperties) = preSolution
		HideSolutionNode = FALSE
	EndGlobalSection
	GlobalSection(ExtensibilityGlobals) = postSolution
		SolutionGuid = {8B717746-37B8-46F0-B088-74BDD7994550}
	EndGlobalSection
EndGlobal
